
Microsoft Visual Studio Solution File, Format Version 12.00
Project("{2150E333-8FDC-42A3-9474-1A3956D46DE8}") = "src", "src", "{320FB6BB-CFC9-404B-B918-D038AB173FC3}"
EndProject
Project("{2150E333-8FDC-42A3-9474-1A3956D46DE8}") = "build", "build", "{23841F7F-B38C-4894-A7D3-BFF588974C5F}"
	ProjectSection(SolutionItems) = preProject
		Directory.Build.props = Directory.Build.props
	EndProjectSection
EndProject
Project("{2150E333-8FDC-42A3-9474-1A3956D46DE8}") = "docs", "docs", "{34DFDCD1-CBCF-43F7-ADAC-D1A755421EB4}"
	ProjectSection(SolutionItems) = preProject
		README.md = README.md
	EndProjectSection
EndProject
Project("{2150E333-8FDC-42A3-9474-1A3956D46DE8}") = "test", "test", "{DA677155-2A82-445D-97BE-1D7FB459F635}"
EndProject
Project("{FAE04EC0-301F-11D3-BF4B-00C04F79EFBC}") = "Raccoon.Stack.Core", "src\Raccoon.Stack.Core\Raccoon.Stack.Core.csproj", "{04600DF5-5E33-44CB-9E14-AC10B7A4E376}"
EndProject
Project("{FAE04EC0-301F-11D3-BF4B-00C04F79EFBC}") = "Raccoon.Stack.Rabbit", "src\Raccoon.Stack.Rabbit\Raccoon.Stack.Rabbit.csproj", "{0ED8958D-6E5D-45D8-9ABE-42CC5839A5D7}"
EndProject
Global
	GlobalSection(SolutionConfigurationPlatforms) = preSolution
		Debug|Any CPU = Debug|Any CPU
		Release|Any CPU = Release|Any CPU
	EndGlobalSection
	GlobalSection(NestedProjects) = preSolution
		{04600DF5-5E33-44CB-9E14-AC10B7A4E376} = {320FB6BB-CFC9-404B-B918-D038AB173FC3}
		{0ED8958D-6E5D-45D8-9ABE-42CC5839A5D7} = {320FB6BB-CFC9-404B-B918-D038AB173FC3}
	EndGlobalSection
	GlobalSection(ProjectConfigurationPlatforms) = postSolution
		{04600DF5-5E33-44CB-9E14-AC10B7A4E376}.Debug|Any CPU.ActiveCfg = Debug|Any CPU
		{04600DF5-5E33-44CB-9E14-AC10B7A4E376}.Debug|Any CPU.Build.0 = Debug|Any CPU
		{04600DF5-5E33-44CB-9E14-AC10B7A4E376}.Release|Any CPU.ActiveCfg = Release|Any CPU
		{04600DF5-5E33-44CB-9E14-AC10B7A4E376}.Release|Any CPU.Build.0 = Release|Any CPU
		{0ED8958D-6E5D-45D8-9ABE-42CC5839A5D7}.Debug|Any CPU.ActiveCfg = Debug|Any CPU
		{0ED8958D-6E5D-45D8-9ABE-42CC5839A5D7}.Debug|Any CPU.Build.0 = Debug|Any CPU
		{0ED8958D-6E5D-45D8-9ABE-42CC5839A5D7}.Release|Any CPU.ActiveCfg = Release|Any CPU
		{0ED8958D-6E5D-45D8-9ABE-42CC5839A5D7}.Release|Any CPU.Build.0 = Release|Any CPU
	EndGlobalSection
EndGlobal
