
Microsoft Visual Studio Solution File, Format Version 12.00
Project("{2150E333-8FDC-42A3-9474-1A3956D46DE8}") = "src", "src", "{320FB6BB-CFC9-404B-B918-D038AB173FC3}"
EndProject
Project("{2150E333-8FDC-42A3-9474-1A3956D46DE8}") = "build", "build", "{23841F7F-B38C-4894-A7D3-BFF588974C5F}"
	ProjectSection(SolutionItems) = preProject
		Directory.Build.props = Directory.Build.props
	EndProjectSection
EndProject
Project("{2150E333-8FDC-42A3-9474-1A3956D46DE8}") = "docs", "docs", "{34DFDCD1-CBCF-43F7-ADAC-D1A755421EB4}"
	ProjectSection(SolutionItems) = preProject
		README.md = README.md
	EndProjectSection
EndProject
Project("{2150E333-8FDC-42A3-9474-1A3956D46DE8}") = "test", "test", "{DA677155-2A82-445D-97BE-1D7FB459F635}"
EndProject
Project("{FAE04EC0-301F-11D3-BF4B-00C04F79EFBC}") = "Raccoon.Stack.Core", "src\Raccoon.Stack.Core\Raccoon.Stack.Core.csproj", "{04600DF5-5E33-44CB-9E14-AC10B7A4E376}"
EndProject
Project("{FAE04EC0-301F-11D3-BF4B-00C04F79EFBC}") = "Raccoon.Stack.Rabbit", "src\Raccoon.Stack.Rabbit\Raccoon.Stack.Rabbit.csproj", "{0ED8958D-6E5D-45D8-9ABE-42CC5839A5D7}"
EndProject
Project("{2150E333-8FDC-42A3-9474-1A3956D46DE8}") = "Ddd", "Ddd", "{1476F9FB-8382-48DE-AACC-8DDC25BBBB91}"
EndProject
Project("{FAE04EC0-301F-11D3-BF4B-00C04F79EFBC}") = "Raccoon.Stack.Ddd.Domain", "src\Ddd\Raccoon.Stack.Ddd.Domain\Raccoon.Stack.Ddd.Domain.csproj", "{BB1C86D0-8DC7-4CF8-ACCB-1AF52D84A89B}"
EndProject
Project("{2150E333-8FDC-42A3-9474-1A3956D46DE8}") = "Data", "Data", "{3358B755-E720-4884-B8B3-159AB695D1CB}"
EndProject
Project("{FAE04EC0-301F-11D3-BF4B-00C04F79EFBC}") = "Raccoon.Stack.Data.Contracts", "src\Data\Raccoon.Stack.Data.Contracts\Raccoon.Stack.Data.Contracts.csproj", "{1F778CB1-32C9-46C5-BD36-2ED78671248F}"
EndProject
Project("{2150E333-8FDC-42A3-9474-1A3956D46DE8}") = "Mapster", "Mapster", "{DE6E702E-2700-484F-A6CD-AA0AA6343B2E}"
EndProject
Project("{FAE04EC0-301F-11D3-BF4B-00C04F79EFBC}") = "Raccoon.Stack.Mapster", "src\Mapster\Raccoon.Stack.Mapster\Raccoon.Stack.Mapster.csproj", "{1A0BB695-F96C-4795-9572-C8C0EDACDA3B}"
EndProject
Project("{FAE04EC0-301F-11D3-BF4B-00C04F79EFBC}") = "Raccoon.Stack.Data.Uow", "src\Data\Raccoon.Stack.Data.Uow\Raccoon.Stack.Data.Uow.csproj", "{F27B92B6-7851-4BA7-9642-C0490FAB90A5}"
EndProject
Project("{FAE04EC0-301F-11D3-BF4B-00C04F79EFBC}") = "Raccoon.Stack.Data", "src\Data\Raccoon.Stack.Data\Raccoon.Stack.Data.csproj", "{86E91228-FC42-4B7E-8EE5-EB8CE2E7AFA3}"
EndProject
Project("{2150E333-8FDC-42A3-9474-1A3956D46DE8}") = "Utils", "Utils", "{0F243CCD-D395-4EAF-9C3D-B1CDBB4C0504}"
EndProject
Project("{FAE04EC0-301F-11D3-BF4B-00C04F79EFBC}") = "Raccoon.Stack.Utils.Models", "src\Utils\Models\Raccoon.Stack.Utils.Models\Raccoon.Stack.Utils.Models.csproj", "{998508FA-B15D-4FAB-9E83-791A2DEE073C}"
EndProject
Project("{FAE04EC0-301F-11D3-BF4B-00C04F79EFBC}") = "Raccoon.Stack.EntityFrameworkCore", "src\Data\Raccoon.Stack.EntityFrameworkCore\Raccoon.Stack.EntityFrameworkCore.csproj", "{67EA3130-6340-44AF-8EA8-2B7C003B7296}"
EndProject
Project("{FAE04EC0-301F-11D3-BF4B-00C04F79EFBC}") = "Raccoon.Stack.Extensions.DotNet", "src\Utils\Raccoon.Stack.Extensions.DotNet\Raccoon.Stack.Extensions.DotNet.csproj", "{3234B55A-DAEC-4206-9E44-E3DC7BFFF447}"
EndProject
Project("{FAE04EC0-301F-11D3-BF4B-00C04F79EFBC}") = "Raccoon.Stack.Data.Exceptions", "src\Data\Raccoon.Stack.Data.Exceptions\Raccoon.Stack.Data.Exceptions.csproj", "{E16C9AE0-8B64-4115-98D7-2A564CF6D098}"
EndProject
Project("{2150E333-8FDC-42A3-9474-1A3956D46DE8}") = "Authentication", "Authentication", "{7D82B70B-4FC3-4D72-B832-CE93391077C2}"
EndProject
Project("{FAE04EC0-301F-11D3-BF4B-00C04F79EFBC}") = "Raccoon.Stack.Authentication.Identity", "src\Authentication\Raccoon.Stack.Authentication.Identity\Raccoon.Stack.Authentication.Identity.csproj", "{70A007DD-B2B8-4BBA-8719-0E03B8013842}"
EndProject
Project("{FAE04EC0-301F-11D3-BF4B-00C04F79EFBC}") = "Raccoon.Stack.Configuration", "src\Raccoon.Stack.Configuration\Raccoon.Stack.Configuration.csproj", "{7163E37C-ADF2-4688-BC5B-8575BDD30B82}"
EndProject
Project("{2150E333-8FDC-42A3-9474-1A3956D46DE8}") = "Infrastructures", "Infrastructures", "{56B89CE1-3E22-479B-A33B-AC0905E6A625}"
EndProject
Project("{FAE04EC0-301F-11D3-BF4B-00C04F79EFBC}") = "Raccoon.Stack.Serilog", "src\Infrastructures\Raccoon.Stack.Serilog\Raccoon.Stack.Serilog.csproj", "{725737AE-9B9F-45F1-91EF-0AFB90642524}"
EndProject
Project("{FAE04EC0-301F-11D3-BF4B-00C04F79EFBC}") = "Raccoon.Stack.Authentication.Identity.Core", "src\Authentication\Raccoon.Stack.Authentication.Identity.Core\Raccoon.Stack.Authentication.Identity.Core.csproj", "{B12249A4-9C60-4F50-A896-DBD58BD56BB4}"
EndProject
Project("{FAE04EC0-301F-11D3-BF4B-00C04F79EFBC}") = "Raccoon.Stack.Utils.Caching", "src\Utils\Raccoon.Stack.Utils.Caching\Raccoon.Stack.Utils.Caching.csproj", "{2AC61512-F69B-434F-895A-65DD561CAC18}"
EndProject
Global
	GlobalSection(SolutionConfigurationPlatforms) = preSolution
		Debug|Any CPU = Debug|Any CPU
		Release|Any CPU = Release|Any CPU
	EndGlobalSection
	GlobalSection(NestedProjects) = preSolution
		{04600DF5-5E33-44CB-9E14-AC10B7A4E376} = {320FB6BB-CFC9-404B-B918-D038AB173FC3}
		{0ED8958D-6E5D-45D8-9ABE-42CC5839A5D7} = {320FB6BB-CFC9-404B-B918-D038AB173FC3}
		{1476F9FB-8382-48DE-AACC-8DDC25BBBB91} = {320FB6BB-CFC9-404B-B918-D038AB173FC3}
		{BB1C86D0-8DC7-4CF8-ACCB-1AF52D84A89B} = {1476F9FB-8382-48DE-AACC-8DDC25BBBB91}
		{3358B755-E720-4884-B8B3-159AB695D1CB} = {320FB6BB-CFC9-404B-B918-D038AB173FC3}
		{1F778CB1-32C9-46C5-BD36-2ED78671248F} = {3358B755-E720-4884-B8B3-159AB695D1CB}
		{DE6E702E-2700-484F-A6CD-AA0AA6343B2E} = {320FB6BB-CFC9-404B-B918-D038AB173FC3}
		{1A0BB695-F96C-4795-9572-C8C0EDACDA3B} = {DE6E702E-2700-484F-A6CD-AA0AA6343B2E}
		{F27B92B6-7851-4BA7-9642-C0490FAB90A5} = {3358B755-E720-4884-B8B3-159AB695D1CB}
		{86E91228-FC42-4B7E-8EE5-EB8CE2E7AFA3} = {3358B755-E720-4884-B8B3-159AB695D1CB}
		{0F243CCD-D395-4EAF-9C3D-B1CDBB4C0504} = {320FB6BB-CFC9-404B-B918-D038AB173FC3}
		{998508FA-B15D-4FAB-9E83-791A2DEE073C} = {0F243CCD-D395-4EAF-9C3D-B1CDBB4C0504}
		{67EA3130-6340-44AF-8EA8-2B7C003B7296} = {3358B755-E720-4884-B8B3-159AB695D1CB}
		{3234B55A-DAEC-4206-9E44-E3DC7BFFF447} = {0F243CCD-D395-4EAF-9C3D-B1CDBB4C0504}
		{E16C9AE0-8B64-4115-98D7-2A564CF6D098} = {3358B755-E720-4884-B8B3-159AB695D1CB}
		{7D82B70B-4FC3-4D72-B832-CE93391077C2} = {320FB6BB-CFC9-404B-B918-D038AB173FC3}
		{70A007DD-B2B8-4BBA-8719-0E03B8013842} = {7D82B70B-4FC3-4D72-B832-CE93391077C2}
		{7163E37C-ADF2-4688-BC5B-8575BDD30B82} = {320FB6BB-CFC9-404B-B918-D038AB173FC3}
		{56B89CE1-3E22-479B-A33B-AC0905E6A625} = {320FB6BB-CFC9-404B-B918-D038AB173FC3}
		{725737AE-9B9F-45F1-91EF-0AFB90642524} = {56B89CE1-3E22-479B-A33B-AC0905E6A625}
		{B12249A4-9C60-4F50-A896-DBD58BD56BB4} = {7D82B70B-4FC3-4D72-B832-CE93391077C2}
		{2AC61512-F69B-434F-895A-65DD561CAC18} = {0F243CCD-D395-4EAF-9C3D-B1CDBB4C0504}
	EndGlobalSection
	GlobalSection(ProjectConfigurationPlatforms) = postSolution
		{04600DF5-5E33-44CB-9E14-AC10B7A4E376}.Debug|Any CPU.ActiveCfg = Debug|Any CPU
		{04600DF5-5E33-44CB-9E14-AC10B7A4E376}.Debug|Any CPU.Build.0 = Debug|Any CPU
		{04600DF5-5E33-44CB-9E14-AC10B7A4E376}.Release|Any CPU.ActiveCfg = Release|Any CPU
		{04600DF5-5E33-44CB-9E14-AC10B7A4E376}.Release|Any CPU.Build.0 = Release|Any CPU
		{0ED8958D-6E5D-45D8-9ABE-42CC5839A5D7}.Debug|Any CPU.ActiveCfg = Debug|Any CPU
		{0ED8958D-6E5D-45D8-9ABE-42CC5839A5D7}.Debug|Any CPU.Build.0 = Debug|Any CPU
		{0ED8958D-6E5D-45D8-9ABE-42CC5839A5D7}.Release|Any CPU.ActiveCfg = Release|Any CPU
		{0ED8958D-6E5D-45D8-9ABE-42CC5839A5D7}.Release|Any CPU.Build.0 = Release|Any CPU
		{BB1C86D0-8DC7-4CF8-ACCB-1AF52D84A89B}.Debug|Any CPU.ActiveCfg = Debug|Any CPU
		{BB1C86D0-8DC7-4CF8-ACCB-1AF52D84A89B}.Debug|Any CPU.Build.0 = Debug|Any CPU
		{BB1C86D0-8DC7-4CF8-ACCB-1AF52D84A89B}.Release|Any CPU.ActiveCfg = Release|Any CPU
		{BB1C86D0-8DC7-4CF8-ACCB-1AF52D84A89B}.Release|Any CPU.Build.0 = Release|Any CPU
		{1F778CB1-32C9-46C5-BD36-2ED78671248F}.Debug|Any CPU.ActiveCfg = Debug|Any CPU
		{1F778CB1-32C9-46C5-BD36-2ED78671248F}.Debug|Any CPU.Build.0 = Debug|Any CPU
		{1F778CB1-32C9-46C5-BD36-2ED78671248F}.Release|Any CPU.ActiveCfg = Release|Any CPU
		{1F778CB1-32C9-46C5-BD36-2ED78671248F}.Release|Any CPU.Build.0 = Release|Any CPU
		{1A0BB695-F96C-4795-9572-C8C0EDACDA3B}.Debug|Any CPU.ActiveCfg = Debug|Any CPU
		{1A0BB695-F96C-4795-9572-C8C0EDACDA3B}.Debug|Any CPU.Build.0 = Debug|Any CPU
		{1A0BB695-F96C-4795-9572-C8C0EDACDA3B}.Release|Any CPU.ActiveCfg = Release|Any CPU
		{1A0BB695-F96C-4795-9572-C8C0EDACDA3B}.Release|Any CPU.Build.0 = Release|Any CPU
		{F27B92B6-7851-4BA7-9642-C0490FAB90A5}.Debug|Any CPU.ActiveCfg = Debug|Any CPU
		{F27B92B6-7851-4BA7-9642-C0490FAB90A5}.Debug|Any CPU.Build.0 = Debug|Any CPU
		{F27B92B6-7851-4BA7-9642-C0490FAB90A5}.Release|Any CPU.ActiveCfg = Release|Any CPU
		{F27B92B6-7851-4BA7-9642-C0490FAB90A5}.Release|Any CPU.Build.0 = Release|Any CPU
		{86E91228-FC42-4B7E-8EE5-EB8CE2E7AFA3}.Debug|Any CPU.ActiveCfg = Debug|Any CPU
		{86E91228-FC42-4B7E-8EE5-EB8CE2E7AFA3}.Debug|Any CPU.Build.0 = Debug|Any CPU
		{86E91228-FC42-4B7E-8EE5-EB8CE2E7AFA3}.Release|Any CPU.ActiveCfg = Release|Any CPU
		{86E91228-FC42-4B7E-8EE5-EB8CE2E7AFA3}.Release|Any CPU.Build.0 = Release|Any CPU
		{998508FA-B15D-4FAB-9E83-791A2DEE073C}.Debug|Any CPU.ActiveCfg = Debug|Any CPU
		{998508FA-B15D-4FAB-9E83-791A2DEE073C}.Debug|Any CPU.Build.0 = Debug|Any CPU
		{998508FA-B15D-4FAB-9E83-791A2DEE073C}.Release|Any CPU.ActiveCfg = Release|Any CPU
		{998508FA-B15D-4FAB-9E83-791A2DEE073C}.Release|Any CPU.Build.0 = Release|Any CPU
		{67EA3130-6340-44AF-8EA8-2B7C003B7296}.Debug|Any CPU.ActiveCfg = Debug|Any CPU
		{67EA3130-6340-44AF-8EA8-2B7C003B7296}.Debug|Any CPU.Build.0 = Debug|Any CPU
		{67EA3130-6340-44AF-8EA8-2B7C003B7296}.Release|Any CPU.ActiveCfg = Release|Any CPU
		{67EA3130-6340-44AF-8EA8-2B7C003B7296}.Release|Any CPU.Build.0 = Release|Any CPU
		{3234B55A-DAEC-4206-9E44-E3DC7BFFF447}.Debug|Any CPU.ActiveCfg = Debug|Any CPU
		{3234B55A-DAEC-4206-9E44-E3DC7BFFF447}.Debug|Any CPU.Build.0 = Debug|Any CPU
		{3234B55A-DAEC-4206-9E44-E3DC7BFFF447}.Release|Any CPU.ActiveCfg = Release|Any CPU
		{3234B55A-DAEC-4206-9E44-E3DC7BFFF447}.Release|Any CPU.Build.0 = Release|Any CPU
		{E16C9AE0-8B64-4115-98D7-2A564CF6D098}.Debug|Any CPU.ActiveCfg = Debug|Any CPU
		{E16C9AE0-8B64-4115-98D7-2A564CF6D098}.Debug|Any CPU.Build.0 = Debug|Any CPU
		{E16C9AE0-8B64-4115-98D7-2A564CF6D098}.Release|Any CPU.ActiveCfg = Release|Any CPU
		{E16C9AE0-8B64-4115-98D7-2A564CF6D098}.Release|Any CPU.Build.0 = Release|Any CPU
		{70A007DD-B2B8-4BBA-8719-0E03B8013842}.Debug|Any CPU.ActiveCfg = Debug|Any CPU
		{70A007DD-B2B8-4BBA-8719-0E03B8013842}.Debug|Any CPU.Build.0 = Debug|Any CPU
		{70A007DD-B2B8-4BBA-8719-0E03B8013842}.Release|Any CPU.ActiveCfg = Release|Any CPU
		{70A007DD-B2B8-4BBA-8719-0E03B8013842}.Release|Any CPU.Build.0 = Release|Any CPU
		{7163E37C-ADF2-4688-BC5B-8575BDD30B82}.Debug|Any CPU.ActiveCfg = Debug|Any CPU
		{7163E37C-ADF2-4688-BC5B-8575BDD30B82}.Debug|Any CPU.Build.0 = Debug|Any CPU
		{7163E37C-ADF2-4688-BC5B-8575BDD30B82}.Release|Any CPU.ActiveCfg = Release|Any CPU
		{7163E37C-ADF2-4688-BC5B-8575BDD30B82}.Release|Any CPU.Build.0 = Release|Any CPU
		{725737AE-9B9F-45F1-91EF-0AFB90642524}.Debug|Any CPU.ActiveCfg = Debug|Any CPU
		{725737AE-9B9F-45F1-91EF-0AFB90642524}.Debug|Any CPU.Build.0 = Debug|Any CPU
		{725737AE-9B9F-45F1-91EF-0AFB90642524}.Release|Any CPU.ActiveCfg = Release|Any CPU
		{725737AE-9B9F-45F1-91EF-0AFB90642524}.Release|Any CPU.Build.0 = Release|Any CPU
		{B12249A4-9C60-4F50-A896-DBD58BD56BB4}.Debug|Any CPU.ActiveCfg = Debug|Any CPU
		{B12249A4-9C60-4F50-A896-DBD58BD56BB4}.Debug|Any CPU.Build.0 = Debug|Any CPU
		{B12249A4-9C60-4F50-A896-DBD58BD56BB4}.Release|Any CPU.ActiveCfg = Release|Any CPU
		{B12249A4-9C60-4F50-A896-DBD58BD56BB4}.Release|Any CPU.Build.0 = Release|Any CPU
		{2AC61512-F69B-434F-895A-65DD561CAC18}.Debug|Any CPU.ActiveCfg = Debug|Any CPU
		{2AC61512-F69B-434F-895A-65DD561CAC18}.Debug|Any CPU.Build.0 = Debug|Any CPU
		{2AC61512-F69B-434F-895A-65DD561CAC18}.Release|Any CPU.ActiveCfg = Release|Any CPU
		{2AC61512-F69B-434F-895A-65DD561CAC18}.Release|Any CPU.Build.0 = Release|Any CPU
	EndGlobalSection
EndGlobal
