
Microsoft Visual Studio Solution File, Format Version 12.00
Project("{2150E333-8FDC-42A3-9474-1A3956D46DE8}") = "src", "src", "{320FB6BB-CFC9-404B-B918-D038AB173FC3}"
EndProject
Project("{2150E333-8FDC-42A3-9474-1A3956D46DE8}") = "build", "build", "{23841F7F-B38C-4894-A7D3-BFF588974C5F}"
	ProjectSection(SolutionItems) = preProject
		Directory.Build.props = Directory.Build.props
	EndProjectSection
EndProject
Project("{2150E333-8FDC-42A3-9474-1A3956D46DE8}") = "docs", "docs", "{34DFDCD1-CBCF-43F7-ADAC-D1A755421EB4}"
	ProjectSection(SolutionItems) = preProject
		README.md = README.md
	EndProjectSection
EndProject
Project("{2150E333-8FDC-42A3-9474-1A3956D46DE8}") = "test", "test", "{DA677155-2A82-445D-97BE-1D7FB459F635}"
EndProject
Project("{FAE04EC0-301F-11D3-BF4B-00C04F79EFBC}") = "Raccoon.Stack.Core", "src\Raccoon.Stack.Core\Raccoon.Stack.Core.csproj", "{04600DF5-5E33-44CB-9E14-AC10B7A4E376}"
EndProject
Project("{FAE04EC0-301F-11D3-BF4B-00C04F79EFBC}") = "Raccoon.Stack.Rabbit", "src\Raccoon.Stack.Rabbit\Raccoon.Stack.Rabbit.csproj", "{0ED8958D-6E5D-45D8-9ABE-42CC5839A5D7}"
EndProject
Project("{2150E333-8FDC-42A3-9474-1A3956D46DE8}") = "Ddd", "Ddd", "{1476F9FB-8382-48DE-AACC-8DDC25BBBB91}"
EndProject
Project("{FAE04EC0-301F-11D3-BF4B-00C04F79EFBC}") = "Raccoon.Stack.Ddd.Domain", "src\Ddd\Raccoon.Stack.Ddd.Domain\Raccoon.Stack.Ddd.Domain.csproj", "{BB1C86D0-8DC7-4CF8-ACCB-1AF52D84A89B}"
EndProject
Project("{2150E333-8FDC-42A3-9474-1A3956D46DE8}") = "Data", "Data", "{3358B755-E720-4884-B8B3-159AB695D1CB}"
EndProject
Project("{FAE04EC0-301F-11D3-BF4B-00C04F79EFBC}") = "Raccoon.Stack.Data.Contracts", "src\Data\Raccoon.Stack.Data.Contracts\Raccoon.Stack.Data.Contracts.csproj", "{1F778CB1-32C9-46C5-BD36-2ED78671248F}"
EndProject
Project("{2150E333-8FDC-42A3-9474-1A3956D46DE8}") = "Mapster", "Mapster", "{DE6E702E-2700-484F-A6CD-AA0AA6343B2E}"
EndProject
Project("{FAE04EC0-301F-11D3-BF4B-00C04F79EFBC}") = "Raccoon.Stack.Mapster", "src\Mapster\Raccoon.Stack.Mapster\Raccoon.Stack.Mapster.csproj", "{1A0BB695-F96C-4795-9572-C8C0EDACDA3B}"
EndProject
Global
	GlobalSection(SolutionConfigurationPlatforms) = preSolution
		Debug|Any CPU = Debug|Any CPU
		Release|Any CPU = Release|Any CPU
	EndGlobalSection
	GlobalSection(NestedProjects) = preSolution
		{04600DF5-5E33-44CB-9E14-AC10B7A4E376} = {320FB6BB-CFC9-404B-B918-D038AB173FC3}
		{0ED8958D-6E5D-45D8-9ABE-42CC5839A5D7} = {320FB6BB-CFC9-404B-B918-D038AB173FC3}
		{1476F9FB-8382-48DE-AACC-8DDC25BBBB91} = {320FB6BB-CFC9-404B-B918-D038AB173FC3}
		{BB1C86D0-8DC7-4CF8-ACCB-1AF52D84A89B} = {1476F9FB-8382-48DE-AACC-8DDC25BBBB91}
		{3358B755-E720-4884-B8B3-159AB695D1CB} = {320FB6BB-CFC9-404B-B918-D038AB173FC3}
		{1F778CB1-32C9-46C5-BD36-2ED78671248F} = {3358B755-E720-4884-B8B3-159AB695D1CB}
		{DE6E702E-2700-484F-A6CD-AA0AA6343B2E} = {320FB6BB-CFC9-404B-B918-D038AB173FC3}
		{1A0BB695-F96C-4795-9572-C8C0EDACDA3B} = {DE6E702E-2700-484F-A6CD-AA0AA6343B2E}
	EndGlobalSection
	GlobalSection(ProjectConfigurationPlatforms) = postSolution
		{04600DF5-5E33-44CB-9E14-AC10B7A4E376}.Debug|Any CPU.ActiveCfg = Debug|Any CPU
		{04600DF5-5E33-44CB-9E14-AC10B7A4E376}.Debug|Any CPU.Build.0 = Debug|Any CPU
		{04600DF5-5E33-44CB-9E14-AC10B7A4E376}.Release|Any CPU.ActiveCfg = Release|Any CPU
		{04600DF5-5E33-44CB-9E14-AC10B7A4E376}.Release|Any CPU.Build.0 = Release|Any CPU
		{0ED8958D-6E5D-45D8-9ABE-42CC5839A5D7}.Debug|Any CPU.ActiveCfg = Debug|Any CPU
		{0ED8958D-6E5D-45D8-9ABE-42CC5839A5D7}.Debug|Any CPU.Build.0 = Debug|Any CPU
		{0ED8958D-6E5D-45D8-9ABE-42CC5839A5D7}.Release|Any CPU.ActiveCfg = Release|Any CPU
		{0ED8958D-6E5D-45D8-9ABE-42CC5839A5D7}.Release|Any CPU.Build.0 = Release|Any CPU
		{BB1C86D0-8DC7-4CF8-ACCB-1AF52D84A89B}.Debug|Any CPU.ActiveCfg = Debug|Any CPU
		{BB1C86D0-8DC7-4CF8-ACCB-1AF52D84A89B}.Debug|Any CPU.Build.0 = Debug|Any CPU
		{BB1C86D0-8DC7-4CF8-ACCB-1AF52D84A89B}.Release|Any CPU.ActiveCfg = Release|Any CPU
		{BB1C86D0-8DC7-4CF8-ACCB-1AF52D84A89B}.Release|Any CPU.Build.0 = Release|Any CPU
		{1F778CB1-32C9-46C5-BD36-2ED78671248F}.Debug|Any CPU.ActiveCfg = Debug|Any CPU
		{1F778CB1-32C9-46C5-BD36-2ED78671248F}.Debug|Any CPU.Build.0 = Debug|Any CPU
		{1F778CB1-32C9-46C5-BD36-2ED78671248F}.Release|Any CPU.ActiveCfg = Release|Any CPU
		{1F778CB1-32C9-46C5-BD36-2ED78671248F}.Release|Any CPU.Build.0 = Release|Any CPU
		{1A0BB695-F96C-4795-9572-C8C0EDACDA3B}.Debug|Any CPU.ActiveCfg = Debug|Any CPU
		{1A0BB695-F96C-4795-9572-C8C0EDACDA3B}.Debug|Any CPU.Build.0 = Debug|Any CPU
		{1A0BB695-F96C-4795-9572-C8C0EDACDA3B}.Release|Any CPU.ActiveCfg = Release|Any CPU
		{1A0BB695-F96C-4795-9572-C8C0EDACDA3B}.Release|Any CPU.Build.0 = Release|Any CPU
	EndGlobalSection
EndGlobal
